
Microsoft Visual Studio Solution File, Format Version 12.00
Project("{9A19103F-16F7-4668-BE54-9A1E7A4F7556}") = "Api", "src\Api\Api.csproj", "{B0F37D69-3451-4AAA-9D58-4357C70D2750}"
EndProject
Project("{2150E333-8FDC-42A3-9474-1A3956D46DE8}") = "tests", "tests", "{1C8F008B-F622-4C49-B1F2-0149E4ED870A}"
EndProject
Project("{9A19103F-16F7-4668-BE54-9A1E7A4F7556}") = "App.Services", "src\App.Services\App.Services.csproj", "{AE6838EE-8C27-40FB-8495-06DB1F59FDE2}"
EndProject
Project("{2150E333-8FDC-42A3-9474-1A3956D46DE8}") = "data", "data", "{912A2003-FB2E-4199-8732-824DC1C7CC0B}"
EndProject
Project("{9A19103F-16F7-4668-BE54-9A1E7A4F7556}") = "Api.Tests", "tests\Api.Tests\Api.Tests.csproj", "{2AC5737D-A212-4160-BC5E-E2D0CF016179}"
EndProject
Project("{2150E333-8FDC-42A3-9474-1A3956D46DE8}") = "src", "src", "{11F7BEA0-F14F-4B6C-803C-922F23AF15A7}"
EndProject
Project("{9A19103F-16F7-4668-BE54-9A1E7A4F7556}") = "FastApi.EF", "src\FastApi.EF\FastApi.EF.csproj", "{4F46F6EF-43DE-4CD5-9920-3BE3A7185378}"
EndProject
Project("{9A19103F-16F7-4668-BE54-9A1E7A4F7556}") = "FastApi.Endpoints", "src\FastApi.Endpoints\FastApi.Endpoints.csproj", "{989D0C35-424E-4B1B-8994-B0DA2C8C06CD}"
EndProject
Project("{9A19103F-16F7-4668-BE54-9A1E7A4F7556}") = "FastApi.EF.Tests", "tests\FastApi.EF.Tests\FastApi.EF.Tests.csproj", "{E4810D6B-5C5B-41B5-9430-314BCBEC63B0}"
EndProject
Project("{2150E333-8FDC-42A3-9474-1A3956D46DE8}") = "tools", "tools", "{BEA69110-C258-447C-8C63-11A9A699FDDA}"
EndProject
Project("{9A19103F-16F7-4668-BE54-9A1E7A4F7556}") = "App.Data", "src\App.Data\App.Data.csproj", "{E61429F9-52C4-4228-9827-096150A0BBFC}"
EndProject
Project("{9A19103F-16F7-4668-BE54-9A1E7A4F7556}") = "App.Data.Sqlite", "src\App.Data.Sqlite\App.Data.Sqlite.csproj", "{6CBF4B1F-228F-4FC5-A7D4-7A963C5F6F2C}"
EndProject
Project("{9A19103F-16F7-4668-BE54-9A1E7A4F7556}") = "App.Data.SqlServer", "src\App.Data.SqlServer\App.Data.SqlServer.csproj", "{1AB4A1DD-4E4A-4C74-B313-60A451409D7B}"
EndProject
Project("{E53339B2-1760-4266-BCC7-CA923CBCF16C}") = "docker-compose", "docker-compose.dcproj", "{98178571-3C0C-4CCD-B150-DE0EB144655A}"
EndProject
Project("{FAE04EC0-301F-11D3-BF4B-00C04F79EFBC}") = "App.Data.Postgres", "src\App.Data.Postgres\App.Data.Postgres.csproj", "{FB5AFE5B-9CAA-4049-8E31-1AEFEB7F671F}"
EndProject
Global
	GlobalSection(SolutionConfigurationPlatforms) = preSolution
		Debug|Any CPU = Debug|Any CPU
		Release|Any CPU = Release|Any CPU
	EndGlobalSection
	GlobalSection(ProjectConfigurationPlatforms) = postSolution
		{B0F37D69-3451-4AAA-9D58-4357C70D2750}.Debug|Any CPU.ActiveCfg = Debug|Any CPU
		{B0F37D69-3451-4AAA-9D58-4357C70D2750}.Debug|Any CPU.Build.0 = Debug|Any CPU
		{B0F37D69-3451-4AAA-9D58-4357C70D2750}.Release|Any CPU.ActiveCfg = Release|Any CPU
		{B0F37D69-3451-4AAA-9D58-4357C70D2750}.Release|Any CPU.Build.0 = Release|Any CPU
		{AE6838EE-8C27-40FB-8495-06DB1F59FDE2}.Debug|Any CPU.ActiveCfg = Debug|Any CPU
		{AE6838EE-8C27-40FB-8495-06DB1F59FDE2}.Debug|Any CPU.Build.0 = Debug|Any CPU
		{AE6838EE-8C27-40FB-8495-06DB1F59FDE2}.Release|Any CPU.ActiveCfg = Release|Any CPU
		{AE6838EE-8C27-40FB-8495-06DB1F59FDE2}.Release|Any CPU.Build.0 = Release|Any CPU
		{2AC5737D-A212-4160-BC5E-E2D0CF016179}.Debug|Any CPU.ActiveCfg = Debug|Any CPU
		{2AC5737D-A212-4160-BC5E-E2D0CF016179}.Debug|Any CPU.Build.0 = Debug|Any CPU
		{2AC5737D-A212-4160-BC5E-E2D0CF016179}.Release|Any CPU.ActiveCfg = Release|Any CPU
		{2AC5737D-A212-4160-BC5E-E2D0CF016179}.Release|Any CPU.Build.0 = Release|Any CPU
		{4F46F6EF-43DE-4CD5-9920-3BE3A7185378}.Debug|Any CPU.ActiveCfg = Debug|Any CPU
		{4F46F6EF-43DE-4CD5-9920-3BE3A7185378}.Debug|Any CPU.Build.0 = Debug|Any CPU
		{4F46F6EF-43DE-4CD5-9920-3BE3A7185378}.Release|Any CPU.ActiveCfg = Release|Any CPU
		{4F46F6EF-43DE-4CD5-9920-3BE3A7185378}.Release|Any CPU.Build.0 = Release|Any CPU
		{989D0C35-424E-4B1B-8994-B0DA2C8C06CD}.Debug|Any CPU.ActiveCfg = Debug|Any CPU
		{989D0C35-424E-4B1B-8994-B0DA2C8C06CD}.Debug|Any CPU.Build.0 = Debug|Any CPU
		{989D0C35-424E-4B1B-8994-B0DA2C8C06CD}.Release|Any CPU.ActiveCfg = Release|Any CPU
		{989D0C35-424E-4B1B-8994-B0DA2C8C06CD}.Release|Any CPU.Build.0 = Release|Any CPU
		{E4810D6B-5C5B-41B5-9430-314BCBEC63B0}.Debug|Any CPU.ActiveCfg = Debug|Any CPU
		{E4810D6B-5C5B-41B5-9430-314BCBEC63B0}.Debug|Any CPU.Build.0 = Debug|Any CPU
		{E4810D6B-5C5B-41B5-9430-314BCBEC63B0}.Release|Any CPU.ActiveCfg = Release|Any CPU
		{E4810D6B-5C5B-41B5-9430-314BCBEC63B0}.Release|Any CPU.Build.0 = Release|Any CPU
		{E61429F9-52C4-4228-9827-096150A0BBFC}.Debug|Any CPU.ActiveCfg = Debug|Any CPU
		{E61429F9-52C4-4228-9827-096150A0BBFC}.Debug|Any CPU.Build.0 = Debug|Any CPU
		{E61429F9-52C4-4228-9827-096150A0BBFC}.Release|Any CPU.ActiveCfg = Release|Any CPU
		{E61429F9-52C4-4228-9827-096150A0BBFC}.Release|Any CPU.Build.0 = Release|Any CPU
		{6CBF4B1F-228F-4FC5-A7D4-7A963C5F6F2C}.Debug|Any CPU.ActiveCfg = Debug|Any CPU
		{6CBF4B1F-228F-4FC5-A7D4-7A963C5F6F2C}.Debug|Any CPU.Build.0 = Debug|Any CPU
		{6CBF4B1F-228F-4FC5-A7D4-7A963C5F6F2C}.Release|Any CPU.ActiveCfg = Release|Any CPU
		{6CBF4B1F-228F-4FC5-A7D4-7A963C5F6F2C}.Release|Any CPU.Build.0 = Release|Any CPU
		{1AB4A1DD-4E4A-4C74-B313-60A451409D7B}.Debug|Any CPU.ActiveCfg = Debug|Any CPU
		{1AB4A1DD-4E4A-4C74-B313-60A451409D7B}.Debug|Any CPU.Build.0 = Debug|Any CPU
		{1AB4A1DD-4E4A-4C74-B313-60A451409D7B}.Release|Any CPU.ActiveCfg = Release|Any CPU
		{1AB4A1DD-4E4A-4C74-B313-60A451409D7B}.Release|Any CPU.Build.0 = Release|Any CPU
		{FB5AFE5B-9CAA-4049-8E31-1AEFEB7F671F}.Debug|Any CPU.ActiveCfg = Debug|Any CPU
		{FB5AFE5B-9CAA-4049-8E31-1AEFEB7F671F}.Debug|Any CPU.Build.0 = Debug|Any CPU
	EndGlobalSection
	GlobalSection(NestedProjects) = preSolution
		{B0F37D69-3451-4AAA-9D58-4357C70D2750} = {11F7BEA0-F14F-4B6C-803C-922F23AF15A7}
		{AE6838EE-8C27-40FB-8495-06DB1F59FDE2} = {11F7BEA0-F14F-4B6C-803C-922F23AF15A7}
		{912A2003-FB2E-4199-8732-824DC1C7CC0B} = {11F7BEA0-F14F-4B6C-803C-922F23AF15A7}
		{2AC5737D-A212-4160-BC5E-E2D0CF016179} = {1C8F008B-F622-4C49-B1F2-0149E4ED870A}
		{4F46F6EF-43DE-4CD5-9920-3BE3A7185378} = {BEA69110-C258-447C-8C63-11A9A699FDDA}
		{989D0C35-424E-4B1B-8994-B0DA2C8C06CD} = {BEA69110-C258-447C-8C63-11A9A699FDDA}
		{E4810D6B-5C5B-41B5-9430-314BCBEC63B0} = {1C8F008B-F622-4C49-B1F2-0149E4ED870A}
		{BEA69110-C258-447C-8C63-11A9A699FDDA} = {11F7BEA0-F14F-4B6C-803C-922F23AF15A7}
		{E61429F9-52C4-4228-9827-096150A0BBFC} = {912A2003-FB2E-4199-8732-824DC1C7CC0B}
		{6CBF4B1F-228F-4FC5-A7D4-7A963C5F6F2C} = {912A2003-FB2E-4199-8732-824DC1C7CC0B}
		{1AB4A1DD-4E4A-4C74-B313-60A451409D7B} = {912A2003-FB2E-4199-8732-824DC1C7CC0B}
		{FB5AFE5B-9CAA-4049-8E31-1AEFEB7F671F} = {912A2003-FB2E-4199-8732-824DC1C7CC0B}
	EndGlobalSection
EndGlobal
